// !$*UTF8*$!
{
	archiveVersion = 1;
	classes = {
	};
	objectVersion = 56;
	objects = {

/* Begin PBXBuildFile section */
		A10000010000000000000001 /* ComponentVaultApp.swift in Sources */ = {isa = PBXBuildFile; fileRef = A20000010000000000000001 /* ComponentVaultApp.swift */; };
		A10000010000000000000024 /* AppLayout.swift in Sources */ = {isa = PBXBuildFile; fileRef = A20000010000000000000024 /* AppLayout.swift */; };
		A10000010000000000000025 /* RemoteAPIClient.swift in Sources */ = {isa = PBXBuildFile; fileRef = A20000010000000000000025 /* RemoteAPIClient.swift */; };
		A10000010000000000000002 /* Component.swift in Sources */ = {isa = PBXBuildFile; fileRef = A20000010000000000000002 /* Component.swift */; };
		A10000010000000000000003 /* ComponentParameter.swift in Sources */ = {isa = PBXBuildFile; fileRef = A20000010000000000000003 /* ComponentParameter.swift */; };
		A10000010000000000000004 /* ComponentRecord.swift in Sources */ = {isa = PBXBuildFile; fileRef = A20000010000000000000004 /* ComponentRecord.swift */; };
		A10000010000000000000005 /* ComponentDataProvider.swift in Sources */ = {isa = PBXBuildFile; fileRef = A20000010000000000000005 /* ComponentDataProvider.swift */; };
		A10000010000000000000006 /* LCSCParser.swift in Sources */ = {isa = PBXBuildFile; fileRef = A20000010000000000000006 /* LCSCParser.swift */; };
		A10000010000000000000007 /* LCSCProvider.swift in Sources */ = {isa = PBXBuildFile; fileRef = A20000010000000000000007 /* LCSCProvider.swift */; };
		A10000010000000000000008 /* CSVImporter.swift in Sources */ = {isa = PBXBuildFile; fileRef = A20000010000000000000008 /* CSVImporter.swift */; };
		A10000010000000000000009 /* ComponentStore.swift in Sources */ = {isa = PBXBuildFile; fileRef = A20000010000000000000009 /* ComponentStore.swift */; };
		A1000001000000000000000A /* ContentView.swift in Sources */ = {isa = PBXBuildFile; fileRef = A2000001000000000000000A /* ContentView.swift */; };
		A1000001000000000000000B /* ComponentDetailView.swift in Sources */ = {isa = PBXBuildFile; fileRef = A2000001000000000000000B /* ComponentDetailView.swift */; };
		A1000001000000000000000C /* SettingsView.swift in Sources */ = {isa = PBXBuildFile; fileRef = A2000001000000000000000C /* SettingsView.swift */; };
		A1000001000000000000000D /* Assets.xcassets in Resources */ = {isa = PBXBuildFile; fileRef = A2000001000000000000000D /* Assets.xcassets */; };
		A1000001000000000000000E /* DatabaseBootstrap.swift in Sources */ = {isa = PBXBuildFile; fileRef = A2000001000000000000000F /* DatabaseBootstrap.swift */; };
		A10000010000000000000010 /* StockMovement.swift in Sources */ = {isa = PBXBuildFile; fileRef = A20000010000000000000010 /* StockMovement.swift */; };
		A10000010000000000000011 /* Project.swift in Sources */ = {isa = PBXBuildFile; fileRef = A20000010000000000000011 /* Project.swift */; };
		A10000010000000000000012 /* ComponentFilter.swift in Sources */ = {isa = PBXBuildFile; fileRef = A20000010000000000000012 /* ComponentFilter.swift */; };
		A10000010000000000000013 /* ExportService.swift in Sources */ = {isa = PBXBuildFile; fileRef = A20000010000000000000013 /* ExportService.swift */; };
		A10000010000000000000014 /* ProjectStore.swift in Sources */ = {isa = PBXBuildFile; fileRef = A20000010000000000000014 /* ProjectStore.swift */; };
		A10000010000000000000015 /* CSVDocument.swift in Sources */ = {isa = PBXBuildFile; fileRef = A20000010000000000000015 /* CSVDocument.swift */; };
		A10000010000000000000016 /* FilterBar.swift in Sources */ = {isa = PBXBuildFile; fileRef = A20000010000000000000016 /* FilterBar.swift */; };
		A10000010000000000000017 /* ProjectsView.swift in Sources */ = {isa = PBXBuildFile; fileRef = A20000010000000000000017 /* ProjectsView.swift */; };
		A10000010000000000000018 /* ProjectDetailView.swift in Sources */ = {isa = PBXBuildFile; fileRef = A20000010000000000000018 /* ProjectDetailView.swift */; };
		A10000010000000000000019 /* LowStockView.swift in Sources */ = {isa = PBXBuildFile; fileRef = A20000010000000000000019 /* LowStockView.swift */; };
		A1000001000000000000001A /* TagEditor.swift in Sources */ = {isa = PBXBuildFile; fileRef = A2000001000000000000001A /* TagEditor.swift */; };
		A1000001000000000000001B /* BOMImporter.swift in Sources */ = {isa = PBXBuildFile; fileRef = A2000001000000000000001B /* BOMImporter.swift */; };
		A1000001000000000000001C /* Persistence.swift in Sources */ = {isa = PBXBuildFile; fileRef = A2000001000000000000001C /* Persistence.swift */; };
		A1000001000000000000001D /* RootView.swift in Sources */ = {isa = PBXBuildFile; fileRef = A2000001000000000000001D /* RootView.swift */; };
		A1000001000000000000001E /* ComponentType.swift in Sources */ = {isa = PBXBuildFile; fileRef = A2000001000000000000001E /* ComponentType.swift */; };
		A1000001000000000000001F /* CatalogView.swift in Sources */ = {isa = PBXBuildFile; fileRef = A2000001000000000000001F /* CatalogView.swift */; };
		A10000010000000000000020 /* DigiKeyConfig.swift in Sources */ = {isa = PBXBuildFile; fileRef = A20000010000000000000020 /* DigiKeyConfig.swift */; };
		A10000010000000000000021 /* DigiKeyAuthService.swift in Sources */ = {isa = PBXBuildFile; fileRef = A20000010000000000000021 /* DigiKeyAuthService.swift */; };
		A10000010000000000000022 /* DigiKeyParser.swift in Sources */ = {isa = PBXBuildFile; fileRef = A20000010000000000000022 /* DigiKeyParser.swift */; };
		A10000010000000000000023 /* DigiKeyProvider.swift in Sources */ = {isa = PBXBuildFile; fileRef = A20000010000000000000023 /* DigiKeyProvider.swift */; };
		A10000010000000000000026 /* SyncSettings.swift in Sources */ = {isa = PBXBuildFile; fileRef = A20000010000000000000026 /* SyncSettings.swift */; };
		A10000010000000000000027 /* ProjectRecord.swift in Sources */ = {isa = PBXBuildFile; fileRef = A20000010000000000000027 /* ProjectRecord.swift */; };
		A10000010000000000000028 /* SyncRunner.swift in Sources */ = {isa = PBXBuildFile; fileRef = A20000010000000000000028 /* SyncRunner.swift */; };
/* End PBXBuildFile section */

/* Begin PBXFileReference section */
		A20000010000000000000001 /* ComponentVaultApp.swift */ = {isa = PBXFileReference; lastKnownFileType = sourcecode.swift; path = ComponentVaultApp.swift; sourceTree = "<group>"; };
		A20000010000000000000024 /* AppLayout.swift */ = {isa = PBXFileReference; lastKnownFileType = sourcecode.swift; path = AppLayout.swift; sourceTree = "<group>"; };
		A20000010000000000000025 /* RemoteAPIClient.swift */ = {isa = PBXFileReference; lastKnownFileType = sourcecode.swift; path = RemoteAPIClient.swift; sourceTree = "<group>"; };
		A20000010000000000000002 /* Component.swift */ = {isa = PBXFileReference; lastKnownFileType = sourcecode.swift; path = Component.swift; sourceTree = "<group>"; };
		A20000010000000000000003 /* ComponentParameter.swift */ = {isa = PBXFileReference; lastKnownFileType = sourcecode.swift; path = ComponentParameter.swift; sourceTree = "<group>"; };
		A20000010000000000000004 /* ComponentRecord.swift */ = {isa = PBXFileReference; lastKnownFileType = sourcecode.swift; path = ComponentRecord.swift; sourceTree = "<group>"; };
		A20000010000000000000005 /* ComponentDataProvider.swift */ = {isa = PBXFileReference; lastKnownFileType = sourcecode.swift; path = ComponentDataProvider.swift; sourceTree = "<group>"; };
		A20000010000000000000006 /* LCSCParser.swift */ = {isa = PBXFileReference; lastKnownFileType = sourcecode.swift; path = LCSCParser.swift; sourceTree = "<group>"; };
		A20000010000000000000007 /* LCSCProvider.swift */ = {isa = PBXFileReference; lastKnownFileType = sourcecode.swift; path = LCSCProvider.swift; sourceTree = "<group>"; };
		A20000010000000000000008 /* CSVImporter.swift */ = {isa = PBXFileReference; lastKnownFileType = sourcecode.swift; path = CSVImporter.swift; sourceTree = "<group>"; };
		A20000010000000000000009 /* ComponentStore.swift */ = {isa = PBXFileReference; lastKnownFileType = sourcecode.swift; path = ComponentStore.swift; sourceTree = "<group>"; };
		A2000001000000000000000A /* ContentView.swift */ = {isa = PBXFileReference; lastKnownFileType = sourcecode.swift; path = ContentView.swift; sourceTree = "<group>"; };
		A2000001000000000000000B /* ComponentDetailView.swift */ = {isa = PBXFileReference; lastKnownFileType = sourcecode.swift; path = ComponentDetailView.swift; sourceTree = "<group>"; };
		A2000001000000000000000C /* SettingsView.swift */ = {isa = PBXFileReference; lastKnownFileType = sourcecode.swift; path = SettingsView.swift; sourceTree = "<group>"; };
		A2000001000000000000000D /* Assets.xcassets */ = {isa = PBXFileReference; lastKnownFileType = folder.assetcatalog; path = Assets.xcassets; sourceTree = "<group>"; };
		A2000001000000000000000E /* ComponentVault.entitlements */ = {isa = PBXFileReference; lastKnownFileType = text.plist.entitlements; path = ComponentVault.entitlements; sourceTree = "<group>"; };
		A2000001000000000000000F /* DatabaseBootstrap.swift */ = {isa = PBXFileReference; lastKnownFileType = sourcecode.swift; path = DatabaseBootstrap.swift; sourceTree = "<group>"; };
		A20000010000000000000010 /* StockMovement.swift */ = {isa = PBXFileReference; lastKnownFileType = sourcecode.swift; path = StockMovement.swift; sourceTree = "<group>"; };
		A20000010000000000000011 /* Project.swift */ = {isa = PBXFileReference; lastKnownFileType = sourcecode.swift; path = Project.swift; sourceTree = "<group>"; };
		A20000010000000000000012 /* ComponentFilter.swift */ = {isa = PBXFileReference; lastKnownFileType = sourcecode.swift; path = ComponentFilter.swift; sourceTree = "<group>"; };
		A20000010000000000000013 /* ExportService.swift */ = {isa = PBXFileReference; lastKnownFileType = sourcecode.swift; path = ExportService.swift; sourceTree = "<group>"; };
		A20000010000000000000014 /* ProjectStore.swift */ = {isa = PBXFileReference; lastKnownFileType = sourcecode.swift; path = ProjectStore.swift; sourceTree = "<group>"; };
		A20000010000000000000015 /* CSVDocument.swift */ = {isa = PBXFileReference; lastKnownFileType = sourcecode.swift; path = CSVDocument.swift; sourceTree = "<group>"; };
		A20000010000000000000016 /* FilterBar.swift */ = {isa = PBXFileReference; lastKnownFileType = sourcecode.swift; path = FilterBar.swift; sourceTree = "<group>"; };
		A20000010000000000000017 /* ProjectsView.swift */ = {isa = PBXFileReference; lastKnownFileType = sourcecode.swift; path = ProjectsView.swift; sourceTree = "<group>"; };
		A20000010000000000000018 /* ProjectDetailView.swift */ = {isa = PBXFileReference; lastKnownFileType = sourcecode.swift; path = ProjectDetailView.swift; sourceTree = "<group>"; };
		A20000010000000000000019 /* LowStockView.swift */ = {isa = PBXFileReference; lastKnownFileType = sourcecode.swift; path = LowStockView.swift; sourceTree = "<group>"; };
		A2000001000000000000001A /* TagEditor.swift */ = {isa = PBXFileReference; lastKnownFileType = sourcecode.swift; path = TagEditor.swift; sourceTree = "<group>"; };
		A2000001000000000000001B /* BOMImporter.swift */ = {isa = PBXFileReference; lastKnownFileType = sourcecode.swift; path = BOMImporter.swift; sourceTree = "<group>"; };
		A2000001000000000000001C /* Persistence.swift */ = {isa = PBXFileReference; lastKnownFileType = sourcecode.swift; path = Persistence.swift; sourceTree = "<group>"; };
		A2000001000000000000001D /* RootView.swift */ = {isa = PBXFileReference; lastKnownFileType = sourcecode.swift; path = RootView.swift; sourceTree = "<group>"; };
		A2000001000000000000001E /* ComponentType.swift */ = {isa = PBXFileReference; lastKnownFileType = sourcecode.swift; path = ComponentType.swift; sourceTree = "<group>"; };
		A2000001000000000000001F /* CatalogView.swift */ = {isa = PBXFileReference; lastKnownFileType = sourcecode.swift; path = CatalogView.swift; sourceTree = "<group>"; };
		A20000010000000000000020 /* DigiKeyConfig.swift */ = {isa = PBXFileReference; lastKnownFileType = sourcecode.swift; path = DigiKeyConfig.swift; sourceTree = "<group>"; };
		A20000010000000000000021 /* DigiKeyAuthService.swift */ = {isa = PBXFileReference; lastKnownFileType = sourcecode.swift; path = DigiKeyAuthService.swift; sourceTree = "<group>"; };
		A20000010000000000000022 /* DigiKeyParser.swift */ = {isa = PBXFileReference; lastKnownFileType = sourcecode.swift; path = DigiKeyParser.swift; sourceTree = "<group>"; };
		A20000010000000000000023 /* DigiKeyProvider.swift */ = {isa = PBXFileReference; lastKnownFileType = sourcecode.swift; path = DigiKeyProvider.swift; sourceTree = "<group>"; };
		A20000010000000000000026 /* SyncSettings.swift */ = {isa = PBXFileReference; lastKnownFileType = sourcecode.swift; path = SyncSettings.swift; sourceTree = "<group>"; };
		A20000010000000000000027 /* ProjectRecord.swift */ = {isa = PBXFileReference; lastKnownFileType = sourcecode.swift; path = ProjectRecord.swift; sourceTree = "<group>"; };
		A20000010000000000000028 /* SyncRunner.swift */ = {isa = PBXFileReference; lastKnownFileType = sourcecode.swift; path = SyncRunner.swift; sourceTree = "<group>"; };
		A30000010000000000000001 /* ComponentVault.app */ = {isa = PBXFileReference; explicitFileType = wrapper.application; includeInIndex = 0; path = ComponentVault.app; sourceTree = BUILT_PRODUCTS_DIR; };
/* End PBXFileReference section */

/* Begin PBXFrameworksBuildPhase section */
		A40000010000000000000001 /* Frameworks */ = {
			isa = PBXFrameworksBuildPhase;
			buildActionMask = 2147483647;
			files = (
			);
			runOnlyForDeploymentPostprocessing = 0;
		};
/* End PBXFrameworksBuildPhase section */

/* Begin PBXGroup section */
		A50000010000000000000001 = {
			isa = PBXGroup;
			children = (
				A50000010000000000000002 /* ComponentVault */,
				A50000010000000000000003 /* Products */,
			);
			sourceTree = "<group>";
		};
		A50000010000000000000002 /* ComponentVault */ = {
			isa = PBXGroup;
			children = (
				A50000010000000000000004 /* App */,
				A50000010000000000000005 /* Models */,
				A50000010000000000000006 /* Services */,
				A50000010000000000000007 /* Views */,
				A2000001000000000000000D /* Assets.xcassets */,
				A2000001000000000000000E /* ComponentVault.entitlements */,
			);
			path = ComponentVault;
			sourceTree = "<group>";
		};
		A50000010000000000000003 /* Products */ = {
			isa = PBXGroup;
			children = (
				A30000010000000000000001 /* ComponentVault.app */,
			);
			name = Products;
			sourceTree = "<group>";
		};
		A50000010000000000000004 /* App */ = {
			isa = PBXGroup;
			children = (
				A20000010000000000000001 /* ComponentVaultApp.swift */,
				A20000010000000000000024 /* AppLayout.swift */,
			);
			path = App;
			sourceTree = "<group>";
		};
		A50000010000000000000005 /* Models */ = {
			isa = PBXGroup;
			children = (
				A20000010000000000000002 /* Component.swift */,
				A20000010000000000000003 /* ComponentParameter.swift */,
				A20000010000000000000004 /* ComponentRecord.swift */,
				A20000010000000000000010 /* StockMovement.swift */,
				A20000010000000000000011 /* Project.swift */,
				A2000001000000000000001E /* ComponentType.swift */,
				A20000010000000000000027 /* ProjectRecord.swift */,
			);
			path = Models;
			sourceTree = "<group>";
		};
		A50000010000000000000006 /* Services */ = {
			isa = PBXGroup;
			children = (
				A20000010000000000000005 /* ComponentDataProvider.swift */,
				A20000010000000000000006 /* LCSCParser.swift */,
				A20000010000000000000007 /* LCSCProvider.swift */,
				A20000010000000000000008 /* CSVImporter.swift */,
				A20000010000000000000009 /* ComponentStore.swift */,
				A2000001000000000000000F /* DatabaseBootstrap.swift */,
				A20000010000000000000012 /* ComponentFilter.swift */,
				A20000010000000000000013 /* ExportService.swift */,
				A20000010000000000000014 /* ProjectStore.swift */,
				A20000010000000000000015 /* CSVDocument.swift */,
				A2000001000000000000001B /* BOMImporter.swift */,
				A2000001000000000000001C /* Persistence.swift */,
				A20000010000000000000020 /* DigiKeyConfig.swift */,
				A20000010000000000000021 /* DigiKeyAuthService.swift */,
				A20000010000000000000022 /* DigiKeyParser.swift */,
				A20000010000000000000023 /* DigiKeyProvider.swift */,
				A20000010000000000000025 /* RemoteAPIClient.swift */,
				A20000010000000000000026 /* SyncSettings.swift */,
				A20000010000000000000028 /* SyncRunner.swift */,
			);
			path = Services;
			sourceTree = "<group>";
		};
		A50000010000000000000007 /* Views */ = {
			isa = PBXGroup;
			children = (
				A2000001000000000000000A /* ContentView.swift */,
				A2000001000000000000000B /* ComponentDetailView.swift */,
				A2000001000000000000000C /* SettingsView.swift */,
				A20000010000000000000016 /* FilterBar.swift */,
				A20000010000000000000017 /* ProjectsView.swift */,
				A20000010000000000000018 /* ProjectDetailView.swift */,
				A20000010000000000000019 /* LowStockView.swift */,
				A2000001000000000000001A /* TagEditor.swift */,
				A2000001000000000000001D /* RootView.swift */,
				A2000001000000000000001F /* CatalogView.swift */,
			);
			path = Views;
			sourceTree = "<group>";
		};
/* End PBXGroup section */

/* Begin PBXNativeTarget section */
		A60000010000000000000001 /* ComponentVault */ = {
			isa = PBXNativeTarget;
			buildConfigurationList = A80000010000000000000003 /* Build configuration list for PBXNativeTarget "ComponentVault" */;
			buildPhases = (
				A60000010000000000000002 /* Sources */,
				A40000010000000000000001 /* Frameworks */,
				A60000010000000000000003 /* Resources */,
			);
			buildRules = (
			);
			dependencies = (
			);
			name = ComponentVault;
			productName = ComponentVault;
			productReference = A30000010000000000000001 /* ComponentVault.app */;
			productType = "com.apple.product-type.application";
		};
/* End PBXNativeTarget section */

/* Begin PBXProject section */
		A70000010000000000000001 /* Project object */ = {
			isa = PBXProject;
			attributes = {
				BuildIndependentTargetsInParallel = 1;
				LastSwiftUpdateCheck = 1500;
				LastUpgradeCheck = 1500;
				TargetAttributes = {
					A60000010000000000000001 = {
						CreatedOnToolsVersion = 15.0;
					};
				};
			};
			buildConfigurationList = A80000010000000000000001 /* Build configuration list for PBXProject "ComponentVault" */;
			compatibilityVersion = "Xcode 14.0";
			developmentRegion = it;
			hasScannedForEncodings = 0;
			knownRegions = (
				en,
				it,
				Base,
			);
			mainGroup = A50000010000000000000001;
			productRefGroup = A50000010000000000000003 /* Products */;
			projectDirPath = "";
			projectRoot = "";
			targets = (
				A60000010000000000000001 /* ComponentVault */,
			);
		};
/* End PBXProject section */

/* Begin PBXResourcesBuildPhase section */
		A60000010000000000000003 /* Resources */ = {
			isa = PBXResourcesBuildPhase;
			buildActionMask = 2147483647;
			files = (
				A1000001000000000000000D /* Assets.xcassets in Resources */,
			);
			runOnlyForDeploymentPostprocessing = 0;
		};
/* End PBXResourcesBuildPhase section */

/* Begin PBXSourcesBuildPhase section */
		A60000010000000000000002 /* Sources */ = {
			isa = PBXSourcesBuildPhase;
			buildActionMask = 2147483647;
			files = (
				A10000010000000000000001 /* ComponentVaultApp.swift in Sources */,
				A10000010000000000000024 /* AppLayout.swift in Sources */,
				A10000010000000000000025 /* RemoteAPIClient.swift in Sources */,
				A10000010000000000000002 /* Component.swift in Sources */,
				A10000010000000000000003 /* ComponentParameter.swift in Sources */,
				A10000010000000000000004 /* ComponentRecord.swift in Sources */,
				A10000010000000000000005 /* ComponentDataProvider.swift in Sources */,
				A10000010000000000000006 /* LCSCParser.swift in Sources */,
				A10000010000000000000007 /* LCSCProvider.swift in Sources */,
				A10000010000000000000008 /* CSVImporter.swift in Sources */,
				A10000010000000000000009 /* ComponentStore.swift in Sources */,
				A1000001000000000000000A /* ContentView.swift in Sources */,
				A1000001000000000000000B /* ComponentDetailView.swift in Sources */,
				A1000001000000000000000C /* SettingsView.swift in Sources */,
				A1000001000000000000000E /* DatabaseBootstrap.swift in Sources */,
				A10000010000000000000010 /* StockMovement.swift in Sources */,
				A10000010000000000000011 /* Project.swift in Sources */,
				A10000010000000000000012 /* ComponentFilter.swift in Sources */,
				A10000010000000000000013 /* ExportService.swift in Sources */,
				A10000010000000000000014 /* ProjectStore.swift in Sources */,
				A10000010000000000000015 /* CSVDocument.swift in Sources */,
				A10000010000000000000016 /* FilterBar.swift in Sources */,
				A10000010000000000000017 /* ProjectsView.swift in Sources */,
				A10000010000000000000018 /* ProjectDetailView.swift in Sources */,
				A10000010000000000000019 /* LowStockView.swift in Sources */,
				A1000001000000000000001A /* TagEditor.swift in Sources */,
				A1000001000000000000001B /* BOMImporter.swift in Sources */,
				A1000001000000000000001C /* Persistence.swift in Sources */,
				A1000001000000000000001D /* RootView.swift in Sources */,
				A1000001000000000000001E /* ComponentType.swift in Sources */,
				A1000001000000000000001F /* CatalogView.swift in Sources */,
				A10000010000000000000020 /* DigiKeyConfig.swift in Sources */,
				A10000010000000000000021 /* DigiKeyAuthService.swift in Sources */,
				A10000010000000000000022 /* DigiKeyParser.swift in Sources */,
				A10000010000000000000023 /* DigiKeyProvider.swift in Sources */,
				A10000010000000000000026 /* SyncSettings.swift in Sources */,
				A10000010000000000000027 /* ProjectRecord.swift in Sources */,
				A10000010000000000000028 /* SyncRunner.swift in Sources */,
			);
			runOnlyForDeploymentPostprocessing = 0;
		};
/* End PBXSourcesBuildPhase section */

/* Begin XCBuildConfiguration section */
		A90000010000000000000001 /* Debug */ = {
			isa = XCBuildConfiguration;
			buildSettings = {
				ALWAYS_SEARCH_USER_PATHS = NO;
				CLANG_ENABLE_MODULES = YES;
				CLANG_ENABLE_OBJC_ARC = YES;
				COPY_PHASE_STRIP = NO;
				DEBUG_INFORMATION_FORMAT = dwarf;
				ENABLE_STRICT_OBJC_MSGSEND = YES;
				ENABLE_TESTABILITY = YES;
				GCC_DYNAMIC_NO_PIC = NO;
				GCC_OPTIMIZATION_LEVEL = 0;
				GCC_PREPROCESSOR_DEFINITIONS = (
					"DEBUG=1",
					"$(inherited)",
				);
				MACOSX_DEPLOYMENT_TARGET = 14.0;
				ONLY_ACTIVE_ARCH = YES;
				SDKROOT = macosx;
				SWIFT_ACTIVE_COMPILATION_CONDITIONS = DEBUG;
				SWIFT_OPTIMIZATION_LEVEL = "-Onone";
			};
			name = Debug;
		};
		A90000010000000000000002 /* Release */ = {
			isa = XCBuildConfiguration;
			buildSettings = {
				ALWAYS_SEARCH_USER_PATHS = NO;
				CLANG_ENABLE_MODULES = YES;
				CLANG_ENABLE_OBJC_ARC = YES;
				COPY_PHASE_STRIP = NO;
				DEBUG_INFORMATION_FORMAT = "dwarf-with-dsym";
				ENABLE_NS_ASSERTIONS = NO;
				ENABLE_STRICT_OBJC_MSGSEND = YES;
				MACOSX_DEPLOYMENT_TARGET = 14.0;
				SDKROOT = macosx;
				SWIFT_COMPILATION_MODE = wholemodule;
				SWIFT_OPTIMIZATION_LEVEL = "-O";
			};
			name = Release;
		};
		A90000010000000000000003 /* Debug */ = {
			isa = XCBuildConfiguration;
			buildSettings = {
				ASSETCATALOG_COMPILER_APPICON_NAME = AppIcon;
				CODE_SIGN_ENTITLEMENTS = ComponentVault/ComponentVault.entitlements;
				CODE_SIGN_STYLE = Automatic;
				COMBINE_HIDPI_IMAGES = YES;
				CURRENT_PROJECT_VERSION = 1;
				DEVELOPMENT_TEAM = "";
				ENABLE_HARDENED_RUNTIME = YES;
				GENERATE_INFOPLIST_FILE = YES;
				INFOPLIST_KEY_CFBundleDisplayName = ComponentVault;
				INFOPLIST_KEY_LSApplicationCategoryType = "public.app-category.utilities";
				INFOPLIST_KEY_NSHumanReadableCopyright = "";
				LD_RUNPATH_SEARCH_PATHS = (
					"$(inherited)",
					"@executable_path/../Frameworks",
				);
				MARKETING_VERSION = 0.2.0;
				PRODUCT_BUNDLE_IDENTIFIER = it.michelebigi.ComponentVault;
				PRODUCT_NAME = "$(TARGET_NAME)";
				SWIFT_EMIT_LOC_STRINGS = YES;
				SWIFT_VERSION = 5.0;
			};
			name = Debug;
		};
		A90000010000000000000004 /* Release */ = {
			isa = XCBuildConfiguration;
			buildSettings = {
				ASSETCATALOG_COMPILER_APPICON_NAME = AppIcon;
				CODE_SIGN_ENTITLEMENTS = ComponentVault/ComponentVault.entitlements;
				CODE_SIGN_STYLE = Automatic;
				COMBINE_HIDPI_IMAGES = YES;
				CURRENT_PROJECT_VERSION = 1;
				DEVELOPMENT_TEAM = "";
				ENABLE_HARDENED_RUNTIME = YES;
				GENERATE_INFOPLIST_FILE = YES;
				INFOPLIST_KEY_CFBundleDisplayName = ComponentVault;
				INFOPLIST_KEY_LSApplicationCategoryType = "public.app-category.utilities";
				INFOPLIST_KEY_NSHumanReadableCopyright = "";
				LD_RUNPATH_SEARCH_PATHS = (
					"$(inherited)",
					"@executable_path/../Frameworks",
				);
				MARKETING_VERSION = 0.2.0;
				PRODUCT_BUNDLE_IDENTIFIER = it.michelebigi.ComponentVault;
				PRODUCT_NAME = "$(TARGET_NAME)";
				SWIFT_EMIT_LOC_STRINGS = YES;
				SWIFT_VERSION = 5.0;
			};
			name = Release;
		};
/* End XCBuildConfiguration section */

/* Begin XCConfigurationList section */
		A80000010000000000000001 /* Build configuration list for PBXProject "ComponentVault" */ = {
			isa = XCConfigurationList;
			buildConfigurations = (
				A90000010000000000000001 /* Debug */,
				A90000010000000000000002 /* Release */,
			);
			defaultConfigurationIsVisible = 0;
			defaultConfigurationName = Release;
		};
		A80000010000000000000003 /* Build configuration list for PBXNativeTarget "ComponentVault" */ = {
			isa = XCConfigurationList;
			buildConfigurations = (
				A90000010000000000000003 /* Debug */,
				A90000010000000000000004 /* Release */,
			);
			defaultConfigurationIsVisible = 0;
			defaultConfigurationName = Release;
		};
/* End XCConfigurationList section */
	};
	rootObject = A70000010000000000000001 /* Project object */;
}
